
Microsoft Visual Studio Solution File, Format Version 12.00
Project("{FAE04EC0-301F-11D3-BF4B-00C04F79EFBC}") = "Khefest.Core", "src\Khefest.Core\Khefest.Core.csproj", "{B4F8C650-D172-4398-8957-EFD5F1B4605B}"
EndProject
Project("{2150E333-8FDC-42A3-9474-1A3956D46DE8}") = "tests", "tests", "{0AB3BF05-4346-4AA6-1389-037BE0695223}"
EndProject
Project("{FAE04EC0-301F-11D3-BF4B-00C04F79EFBC}") = "Khefest.Tests", "tests\Khefest.Tests\Khefest.Tests.csproj", "{C5BAD20E-10CB-41F6-9FEC-E16E62AB9C64}"
EndProject
Project("{FAE04EC0-301F-11D3-BF4B-00C04F79EFBC}") = "Khefest.Windowing", "src\Khefest.Windowing\Khefest.Windowing.csproj", "{3C0FF951-3DD7-46B3-B1A0-63E368AA54A9}"
EndProject
Project("{FAE04EC0-301F-11D3-BF4B-00C04F79EFBC}") = "Khefest.Input", "src\Khefest.Input\Khefest.Input.csproj", "{2D7A15A8-6D87-4C4B-BA33-3F42D45060CC}"
EndProject
Project("{FAE04EC0-301F-11D3-BF4B-00C04F79EFBC}") = "Khefest.Windows", "src\Khefest.Windows\Khefest.Windows.csproj", "{69A4FFCD-7589-4F57-9C77-1BCAF17F8F8E}"
EndProject
Project("{2150E333-8FDC-42A3-9474-1A3956D46DE8}") = "examples", "examples", "{B36A84DF-456D-A817-6EDD-3EC3E7F6E11F}"
EndProject
Project("{FAE04EC0-301F-11D3-BF4B-00C04F79EFBC}") = "HelloWindow", "examples\HelloWindow\HelloWindow.csproj", "{D119A4CB-F475-4BBB-A03D-46701C4712FA}"
EndProject
Project("{FAE04EC0-301F-11D3-BF4B-00C04F79EFBC}") = "Khefest.Graphics.LowLevel", "src\Khefest.Graphics.LowLevel\Khefest.Graphics.LowLevel.csproj", "{08D8571C-461C-4A4D-9442-D53BE46CCCB6}"
EndProject
Project("{FAE04EC0-301F-11D3-BF4B-00C04F79EFBC}") = "HelloTriangle", "examples\HelloTriangle\HelloTriangle.csproj", "{B88CF225-2323-4E09-B2E6-B8724C859CC4}"
EndProject
Project("{FAE04EC0-301F-11D3-BF4B-00C04F79EFBC}") = "Khefest.Graphics", "src\Khefest.Graphics\Khefest.Graphics.csproj", "{7737A4FA-1B61-4261-8BF9-C6C81429F1DE}"
EndProject
Project("{FAE04EC0-301F-11D3-BF4B-00C04F79EFBC}") = "Hello2D", "examples\Hello2D\Hello2D.csproj", "{5D100465-E3AE-4C62-A7F3-A42BD726136D}"
EndProject
Project("{FAE04EC0-301F-11D3-BF4B-00C04F79EFBC}") = "Hello3D", "examples\Hello3D\Hello3D.csproj", "{34FB20D5-404F-4EAF-BCD4-64436D40A654}"
EndProject
Project("{FAE04EC0-301F-11D3-BF4B-00C04F79EFBC}") = "Khefest.UI", "src\Khefest.UI\Khefest.UI.csproj", "{42DB7E01-2838-4799-BEF0-5CBECB8F1816}"
EndProject
Project("{FAE04EC0-301F-11D3-BF4B-00C04F79EFBC}") = "HelloUI", "examples\HelloUI\HelloUI.csproj", "{F35069CB-6860-43AF-A036-1BEE9904A0E5}"
EndProject
Project("{2150E333-8FDC-42A3-9474-1A3956D46DE8}") = "src", "src", "{D9C88C02-A721-4F91-9F19-7ED9C2CE3DA1}"
EndProject
Project("{FAE04EC0-301F-11D3-BF4B-00C04F79EFBC}") = "StressTest2D", "examples\StressTest2D\StressTest2D.csproj", "{22002176-ABF5-4BBB-BB70-637432CA58CC}"
EndProject
Project("{FAE04EC0-301F-11D3-BF4B-00C04F79EFBC}") = "CosmicVanguard3D", "examples\CosmicVanguard3D\CosmicVanguard3D.csproj", "{6FBDDF84-AD92-4339-8C4E-84A08A310F87}"
EndProject
Project("{FAE04EC0-301F-11D3-BF4B-00C04F79EFBC}") = "RetroTankArena", "examples\RetroTankArena\RetroTankArena.csproj", "{A85A7872-7643-4D33-A2C8-37664F39D669}"
EndProject
Project("{2150E333-8FDC-42A3-9474-1A3956D46DE8}") = "samples", "samples", "{5D20AA90-6969-D8BD-9DCD-8634F4692FDA}"
EndProject
Project("{FAE04EC0-301F-11D3-BF4B-00C04F79EFBC}") = "MyGame", "samples\MyGame\MyGame.csproj", "{DB368064-C3F5-4093-A206-65E73985BA76}"
EndProject
Project("{FAE04EC0-301F-11D3-BF4B-00C04F79EFBC}") = "Khefest", "src\Khefest\Khefest.csproj", "{1EC2D45F-8B17-4C2D-9822-6B40FDD3FBA0}"
EndProject
Project("{FAE04EC0-301F-11D3-BF4B-00C04F79EFBC}") = "NuGetConsumer", "samples\NuGetConsumer\NuGetConsumer.csproj", "{15F7813B-553C-4171-B16B-EF25352B7E8A}"
EndProject
Project("{2150E333-8FDC-42A3-9474-1A3956D46DE8}") = "templates", "templates", "{808186BE-9BD0-DD1D-D574-36EEAD1E7F8F}"
EndProject
Project("{FAE04EC0-301F-11D3-BF4B-00C04F79EFBC}") = "Khefest.Templates", "templates\Khefest.Templates.csproj", "{8BBABBFC-40B9-4C39-BE84-61606702654F}"
EndProject
Global
	GlobalSection(SolutionConfigurationPlatforms) = preSolution
		Debug|Any CPU = Debug|Any CPU
		Debug|x64 = Debug|x64
		Debug|x86 = Debug|x86
		Release|Any CPU = Release|Any CPU
		Release|x64 = Release|x64
		Release|x86 = Release|x86
	EndGlobalSection
	GlobalSection(ProjectConfigurationPlatforms) = postSolution
		{B4F8C650-D172-4398-8957-EFD5F1B4605B}.Debug|Any CPU.ActiveCfg = Debug|Any CPU
		{B4F8C650-D172-4398-8957-EFD5F1B4605B}.Debug|Any CPU.Build.0 = Debug|Any CPU
		{B4F8C650-D172-4398-8957-EFD5F1B4605B}.Debug|x64.ActiveCfg = Debug|Any CPU
		{B4F8C650-D172-4398-8957-EFD5F1B4605B}.Debug|x64.Build.0 = Debug|Any CPU
		{B4F8C650-D172-4398-8957-EFD5F1B4605B}.Debug|x86.ActiveCfg = Debug|Any CPU
		{B4F8C650-D172-4398-8957-EFD5F1B4605B}.Debug|x86.Build.0 = Debug|Any CPU
		{B4F8C650-D172-4398-8957-EFD5F1B4605B}.Release|Any CPU.ActiveCfg = Release|Any CPU
		{B4F8C650-D172-4398-8957-EFD5F1B4605B}.Release|Any CPU.Build.0 = Release|Any CPU
		{B4F8C650-D172-4398-8957-EFD5F1B4605B}.Release|x64.ActiveCfg = Release|Any CPU
		{B4F8C650-D172-4398-8957-EFD5F1B4605B}.Release|x64.Build.0 = Release|Any CPU
		{B4F8C650-D172-4398-8957-EFD5F1B4605B}.Release|x86.ActiveCfg = Release|Any CPU
		{B4F8C650-D172-4398-8957-EFD5F1B4605B}.Release|x86.Build.0 = Release|Any CPU
		{C5BAD20E-10CB-41F6-9FEC-E16E62AB9C64}.Debug|Any CPU.ActiveCfg = Debug|Any CPU
		{C5BAD20E-10CB-41F6-9FEC-E16E62AB9C64}.Debug|Any CPU.Build.0 = Debug|Any CPU
		{C5BAD20E-10CB-41F6-9FEC-E16E62AB9C64}.Debug|x64.ActiveCfg = Debug|Any CPU
		{C5BAD20E-10CB-41F6-9FEC-E16E62AB9C64}.Debug|x64.Build.0 = Debug|Any CPU
		{C5BAD20E-10CB-41F6-9FEC-E16E62AB9C64}.Debug|x86.ActiveCfg = Debug|Any CPU
		{C5BAD20E-10CB-41F6-9FEC-E16E62AB9C64}.Debug|x86.Build.0 = Debug|Any CPU
		{C5BAD20E-10CB-41F6-9FEC-E16E62AB9C64}.Release|Any CPU.ActiveCfg = Release|Any CPU
		{C5BAD20E-10CB-41F6-9FEC-E16E62AB9C64}.Release|Any CPU.Build.0 = Release|Any CPU
		{C5BAD20E-10CB-41F6-9FEC-E16E62AB9C64}.Release|x64.ActiveCfg = Release|Any CPU
		{C5BAD20E-10CB-41F6-9FEC-E16E62AB9C64}.Release|x64.Build.0 = Release|Any CPU
		{C5BAD20E-10CB-41F6-9FEC-E16E62AB9C64}.Release|x86.ActiveCfg = Release|Any CPU
		{C5BAD20E-10CB-41F6-9FEC-E16E62AB9C64}.Release|x86.Build.0 = Release|Any CPU
		{3C0FF951-3DD7-46B3-B1A0-63E368AA54A9}.Debug|Any CPU.ActiveCfg = Debug|Any CPU
		{3C0FF951-3DD7-46B3-B1A0-63E368AA54A9}.Debug|Any CPU.Build.0 = Debug|Any CPU
		{3C0FF951-3DD7-46B3-B1A0-63E368AA54A9}.Debug|x64.ActiveCfg = Debug|Any CPU
		{3C0FF951-3DD7-46B3-B1A0-63E368AA54A9}.Debug|x64.Build.0 = Debug|Any CPU
		{3C0FF951-3DD7-46B3-B1A0-63E368AA54A9}.Debug|x86.ActiveCfg = Debug|Any CPU
		{3C0FF951-3DD7-46B3-B1A0-63E368AA54A9}.Debug|x86.Build.0 = Debug|Any CPU
		{3C0FF951-3DD7-46B3-B1A0-63E368AA54A9}.Release|Any CPU.ActiveCfg = Release|Any CPU
		{3C0FF951-3DD7-46B3-B1A0-63E368AA54A9}.Release|Any CPU.Build.0 = Release|Any CPU
		{3C0FF951-3DD7-46B3-B1A0-63E368AA54A9}.Release|x64.ActiveCfg = Release|Any CPU
		{3C0FF951-3DD7-46B3-B1A0-63E368AA54A9}.Release|x64.Build.0 = Release|Any CPU
		{3C0FF951-3DD7-46B3-B1A0-63E368AA54A9}.Release|x86.ActiveCfg = Release|Any CPU
		{3C0FF951-3DD7-46B3-B1A0-63E368AA54A9}.Release|x86.Build.0 = Release|Any CPU
		{2D7A15A8-6D87-4C4B-BA33-3F42D45060CC}.Debug|Any CPU.ActiveCfg = Debug|Any CPU
		{2D7A15A8-6D87-4C4B-BA33-3F42D45060CC}.Debug|Any CPU.Build.0 = Debug|Any CPU
		{2D7A15A8-6D87-4C4B-BA33-3F42D45060CC}.Debug|x64.ActiveCfg = Debug|Any CPU
		{2D7A15A8-6D87-4C4B-BA33-3F42D45060CC}.Debug|x64.Build.0 = Debug|Any CPU
		{2D7A15A8-6D87-4C4B-BA33-3F42D45060CC}.Debug|x86.ActiveCfg = Debug|Any CPU
		{2D7A15A8-6D87-4C4B-BA33-3F42D45060CC}.Debug|x86.Build.0 = Debug|Any CPU
		{2D7A15A8-6D87-4C4B-BA33-3F42D45060CC}.Release|Any CPU.ActiveCfg = Release|Any CPU
		{2D7A15A8-6D87-4C4B-BA33-3F42D45060CC}.Release|Any CPU.Build.0 = Release|Any CPU
		{2D7A15A8-6D87-4C4B-BA33-3F42D45060CC}.Release|x64.ActiveCfg = Release|Any CPU
		{2D7A15A8-6D87-4C4B-BA33-3F42D45060CC}.Release|x64.Build.0 = Release|Any CPU
		{2D7A15A8-6D87-4C4B-BA33-3F42D45060CC}.Release|x86.ActiveCfg = Release|Any CPU
		{2D7A15A8-6D87-4C4B-BA33-3F42D45060CC}.Release|x86.Build.0 = Release|Any CPU
		{69A4FFCD-7589-4F57-9C77-1BCAF17F8F8E}.Debug|Any CPU.ActiveCfg = Debug|Any CPU
		{69A4FFCD-7589-4F57-9C77-1BCAF17F8F8E}.Debug|Any CPU.Build.0 = Debug|Any CPU
		{69A4FFCD-7589-4F57-9C77-1BCAF17F8F8E}.Debug|x64.ActiveCfg = Debug|Any CPU
		{69A4FFCD-7589-4F57-9C77-1BCAF17F8F8E}.Debug|x64.Build.0 = Debug|Any CPU
		{69A4FFCD-7589-4F57-9C77-1BCAF17F8F8E}.Debug|x86.ActiveCfg = Debug|Any CPU
		{69A4FFCD-7589-4F57-9C77-1BCAF17F8F8E}.Debug|x86.Build.0 = Debug|Any CPU
		{69A4FFCD-7589-4F57-9C77-1BCAF17F8F8E}.Release|Any CPU.ActiveCfg = Release|Any CPU
		{69A4FFCD-7589-4F57-9C77-1BCAF17F8F8E}.Release|Any CPU.Build.0 = Release|Any CPU
		{69A4FFCD-7589-4F57-9C77-1BCAF17F8F8E}.Release|x64.ActiveCfg = Release|Any CPU
		{69A4FFCD-7589-4F57-9C77-1BCAF17F8F8E}.Release|x64.Build.0 = Release|Any CPU
		{69A4FFCD-7589-4F57-9C77-1BCAF17F8F8E}.Release|x86.ActiveCfg = Release|Any CPU
		{69A4FFCD-7589-4F57-9C77-1BCAF17F8F8E}.Release|x86.Build.0 = Release|Any CPU
		{D119A4CB-F475-4BBB-A03D-46701C4712FA}.Debug|Any CPU.ActiveCfg = Debug|Any CPU
		{D119A4CB-F475-4BBB-A03D-46701C4712FA}.Debug|Any CPU.Build.0 = Debug|Any CPU
		{D119A4CB-F475-4BBB-A03D-46701C4712FA}.Debug|x64.ActiveCfg = Debug|Any CPU
		{D119A4CB-F475-4BBB-A03D-46701C4712FA}.Debug|x64.Build.0 = Debug|Any CPU
		{D119A4CB-F475-4BBB-A03D-46701C4712FA}.Debug|x86.ActiveCfg = Debug|Any CPU
		{D119A4CB-F475-4BBB-A03D-46701C4712FA}.Debug|x86.Build.0 = Debug|Any CPU
		{D119A4CB-F475-4BBB-A03D-46701C4712FA}.Release|Any CPU.ActiveCfg = Release|Any CPU
		{D119A4CB-F475-4BBB-A03D-46701C4712FA}.Release|Any CPU.Build.0 = Release|Any CPU
		{D119A4CB-F475-4BBB-A03D-46701C4712FA}.Release|x64.ActiveCfg = Release|Any CPU
		{D119A4CB-F475-4BBB-A03D-46701C4712FA}.Release|x64.Build.0 = Release|Any CPU
		{D119A4CB-F475-4BBB-A03D-46701C4712FA}.Release|x86.ActiveCfg = Release|Any CPU
		{D119A4CB-F475-4BBB-A03D-46701C4712FA}.Release|x86.Build.0 = Release|Any CPU
		{08D8571C-461C-4A4D-9442-D53BE46CCCB6}.Debug|Any CPU.ActiveCfg = Debug|Any CPU
		{08D8571C-461C-4A4D-9442-D53BE46CCCB6}.Debug|Any CPU.Build.0 = Debug|Any CPU
		{08D8571C-461C-4A4D-9442-D53BE46CCCB6}.Debug|x64.ActiveCfg = Debug|Any CPU
		{08D8571C-461C-4A4D-9442-D53BE46CCCB6}.Debug|x64.Build.0 = Debug|Any CPU
		{08D8571C-461C-4A4D-9442-D53BE46CCCB6}.Debug|x86.ActiveCfg = Debug|Any CPU
		{08D8571C-461C-4A4D-9442-D53BE46CCCB6}.Debug|x86.Build.0 = Debug|Any CPU
		{08D8571C-461C-4A4D-9442-D53BE46CCCB6}.Release|Any CPU.ActiveCfg = Release|Any CPU
		{08D8571C-461C-4A4D-9442-D53BE46CCCB6}.Release|Any CPU.Build.0 = Release|Any CPU
		{08D8571C-461C-4A4D-9442-D53BE46CCCB6}.Release|x64.ActiveCfg = Release|Any CPU
		{08D8571C-461C-4A4D-9442-D53BE46CCCB6}.Release|x64.Build.0 = Release|Any CPU
		{08D8571C-461C-4A4D-9442-D53BE46CCCB6}.Release|x86.ActiveCfg = Release|Any CPU
		{08D8571C-461C-4A4D-9442-D53BE46CCCB6}.Release|x86.Build.0 = Release|Any CPU
		{B88CF225-2323-4E09-B2E6-B8724C859CC4}.Debug|Any CPU.ActiveCfg = Debug|Any CPU
		{B88CF225-2323-4E09-B2E6-B8724C859CC4}.Debug|Any CPU.Build.0 = Debug|Any CPU
		{B88CF225-2323-4E09-B2E6-B8724C859CC4}.Debug|x64.ActiveCfg = Debug|Any CPU
		{B88CF225-2323-4E09-B2E6-B8724C859CC4}.Debug|x64.Build.0 = Debug|Any CPU
		{B88CF225-2323-4E09-B2E6-B8724C859CC4}.Debug|x86.ActiveCfg = Debug|Any CPU
		{B88CF225-2323-4E09-B2E6-B8724C859CC4}.Debug|x86.Build.0 = Debug|Any CPU
		{B88CF225-2323-4E09-B2E6-B8724C859CC4}.Release|Any CPU.ActiveCfg = Release|Any CPU
		{B88CF225-2323-4E09-B2E6-B8724C859CC4}.Release|Any CPU.Build.0 = Release|Any CPU
		{B88CF225-2323-4E09-B2E6-B8724C859CC4}.Release|x64.ActiveCfg = Release|Any CPU
		{B88CF225-2323-4E09-B2E6-B8724C859CC4}.Release|x64.Build.0 = Release|Any CPU
		{B88CF225-2323-4E09-B2E6-B8724C859CC4}.Release|x86.ActiveCfg = Release|Any CPU
		{B88CF225-2323-4E09-B2E6-B8724C859CC4}.Release|x86.Build.0 = Release|Any CPU
		{7737A4FA-1B61-4261-8BF9-C6C81429F1DE}.Debug|Any CPU.ActiveCfg = Debug|Any CPU
		{7737A4FA-1B61-4261-8BF9-C6C81429F1DE}.Debug|Any CPU.Build.0 = Debug|Any CPU
		{7737A4FA-1B61-4261-8BF9-C6C81429F1DE}.Debug|x64.ActiveCfg = Debug|Any CPU
		{7737A4FA-1B61-4261-8BF9-C6C81429F1DE}.Debug|x64.Build.0 = Debug|Any CPU
		{7737A4FA-1B61-4261-8BF9-C6C81429F1DE}.Debug|x86.ActiveCfg = Debug|Any CPU
		{7737A4FA-1B61-4261-8BF9-C6C81429F1DE}.Debug|x86.Build.0 = Debug|Any CPU
		{7737A4FA-1B61-4261-8BF9-C6C81429F1DE}.Release|Any CPU.ActiveCfg = Release|Any CPU
		{7737A4FA-1B61-4261-8BF9-C6C81429F1DE}.Release|Any CPU.Build.0 = Release|Any CPU
		{7737A4FA-1B61-4261-8BF9-C6C81429F1DE}.Release|x64.ActiveCfg = Release|Any CPU
		{7737A4FA-1B61-4261-8BF9-C6C81429F1DE}.Release|x64.Build.0 = Release|Any CPU
		{7737A4FA-1B61-4261-8BF9-C6C81429F1DE}.Release|x86.ActiveCfg = Release|Any CPU
		{7737A4FA-1B61-4261-8BF9-C6C81429F1DE}.Release|x86.Build.0 = Release|Any CPU
		{5D100465-E3AE-4C62-A7F3-A42BD726136D}.Debug|Any CPU.ActiveCfg = Debug|Any CPU
		{5D100465-E3AE-4C62-A7F3-A42BD726136D}.Debug|Any CPU.Build.0 = Debug|Any CPU
		{5D100465-E3AE-4C62-A7F3-A42BD726136D}.Debug|x64.ActiveCfg = Debug|Any CPU
		{5D100465-E3AE-4C62-A7F3-A42BD726136D}.Debug|x64.Build.0 = Debug|Any CPU
		{5D100465-E3AE-4C62-A7F3-A42BD726136D}.Debug|x86.ActiveCfg = Debug|Any CPU
		{5D100465-E3AE-4C62-A7F3-A42BD726136D}.Debug|x86.Build.0 = Debug|Any CPU
		{5D100465-E3AE-4C62-A7F3-A42BD726136D}.Release|Any CPU.ActiveCfg = Release|Any CPU
		{5D100465-E3AE-4C62-A7F3-A42BD726136D}.Release|Any CPU.Build.0 = Release|Any CPU
		{5D100465-E3AE-4C62-A7F3-A42BD726136D}.Release|x64.ActiveCfg = Release|Any CPU
		{5D100465-E3AE-4C62-A7F3-A42BD726136D}.Release|x64.Build.0 = Release|Any CPU
		{5D100465-E3AE-4C62-A7F3-A42BD726136D}.Release|x86.ActiveCfg = Release|Any CPU
		{5D100465-E3AE-4C62-A7F3-A42BD726136D}.Release|x86.Build.0 = Release|Any CPU
		{34FB20D5-404F-4EAF-BCD4-64436D40A654}.Debug|Any CPU.ActiveCfg = Debug|Any CPU
		{34FB20D5-404F-4EAF-BCD4-64436D40A654}.Debug|Any CPU.Build.0 = Debug|Any CPU
		{34FB20D5-404F-4EAF-BCD4-64436D40A654}.Debug|x64.ActiveCfg = Debug|Any CPU
		{34FB20D5-404F-4EAF-BCD4-64436D40A654}.Debug|x64.Build.0 = Debug|Any CPU
		{34FB20D5-404F-4EAF-BCD4-64436D40A654}.Debug|x86.ActiveCfg = Debug|Any CPU
		{34FB20D5-404F-4EAF-BCD4-64436D40A654}.Debug|x86.Build.0 = Debug|Any CPU
		{34FB20D5-404F-4EAF-BCD4-64436D40A654}.Release|Any CPU.ActiveCfg = Release|Any CPU
		{34FB20D5-404F-4EAF-BCD4-64436D40A654}.Release|Any CPU.Build.0 = Release|Any CPU
		{34FB20D5-404F-4EAF-BCD4-64436D40A654}.Release|x64.ActiveCfg = Release|Any CPU
		{34FB20D5-404F-4EAF-BCD4-64436D40A654}.Release|x64.Build.0 = Release|Any CPU
		{34FB20D5-404F-4EAF-BCD4-64436D40A654}.Release|x86.ActiveCfg = Release|Any CPU
		{34FB20D5-404F-4EAF-BCD4-64436D40A654}.Release|x86.Build.0 = Release|Any CPU
		{42DB7E01-2838-4799-BEF0-5CBECB8F1816}.Debug|Any CPU.ActiveCfg = Debug|Any CPU
		{42DB7E01-2838-4799-BEF0-5CBECB8F1816}.Debug|Any CPU.Build.0 = Debug|Any CPU
		{42DB7E01-2838-4799-BEF0-5CBECB8F1816}.Debug|x64.ActiveCfg = Debug|Any CPU
		{42DB7E01-2838-4799-BEF0-5CBECB8F1816}.Debug|x64.Build.0 = Debug|Any CPU
		{42DB7E01-2838-4799-BEF0-5CBECB8F1816}.Debug|x86.ActiveCfg = Debug|Any CPU
		{42DB7E01-2838-4799-BEF0-5CBECB8F1816}.Debug|x86.Build.0 = Debug|Any CPU
		{42DB7E01-2838-4799-BEF0-5CBECB8F1816}.Release|Any CPU.ActiveCfg = Release|Any CPU
		{42DB7E01-2838-4799-BEF0-5CBECB8F1816}.Release|Any CPU.Build.0 = Release|Any CPU
		{42DB7E01-2838-4799-BEF0-5CBECB8F1816}.Release|x64.ActiveCfg = Release|Any CPU
		{42DB7E01-2838-4799-BEF0-5CBECB8F1816}.Release|x64.Build.0 = Release|Any CPU
		{42DB7E01-2838-4799-BEF0-5CBECB8F1816}.Release|x86.ActiveCfg = Release|Any CPU
		{42DB7E01-2838-4799-BEF0-5CBECB8F1816}.Release|x86.Build.0 = Release|Any CPU
		{F35069CB-6860-43AF-A036-1BEE9904A0E5}.Debug|Any CPU.ActiveCfg = Debug|Any CPU
		{F35069CB-6860-43AF-A036-1BEE9904A0E5}.Debug|Any CPU.Build.0 = Debug|Any CPU
		{F35069CB-6860-43AF-A036-1BEE9904A0E5}.Debug|x64.ActiveCfg = Debug|Any CPU
		{F35069CB-6860-43AF-A036-1BEE9904A0E5}.Debug|x64.Build.0 = Debug|Any CPU
		{F35069CB-6860-43AF-A036-1BEE9904A0E5}.Debug|x86.ActiveCfg = Debug|Any CPU
		{F35069CB-6860-43AF-A036-1BEE9904A0E5}.Debug|x86.Build.0 = Debug|Any CPU
		{F35069CB-6860-43AF-A036-1BEE9904A0E5}.Release|Any CPU.ActiveCfg = Release|Any CPU
		{F35069CB-6860-43AF-A036-1BEE9904A0E5}.Release|Any CPU.Build.0 = Release|Any CPU
		{F35069CB-6860-43AF-A036-1BEE9904A0E5}.Release|x64.ActiveCfg = Release|Any CPU
		{F35069CB-6860-43AF-A036-1BEE9904A0E5}.Release|x64.Build.0 = Release|Any CPU
		{F35069CB-6860-43AF-A036-1BEE9904A0E5}.Release|x86.ActiveCfg = Release|Any CPU
		{F35069CB-6860-43AF-A036-1BEE9904A0E5}.Release|x86.Build.0 = Release|Any CPU
		{22002176-ABF5-4BBB-BB70-637432CA58CC}.Debug|Any CPU.ActiveCfg = Debug|Any CPU
		{22002176-ABF5-4BBB-BB70-637432CA58CC}.Debug|Any CPU.Build.0 = Debug|Any CPU
		{22002176-ABF5-4BBB-BB70-637432CA58CC}.Debug|x64.ActiveCfg = Debug|Any CPU
		{22002176-ABF5-4BBB-BB70-637432CA58CC}.Debug|x64.Build.0 = Debug|Any CPU
		{22002176-ABF5-4BBB-BB70-637432CA58CC}.Debug|x86.ActiveCfg = Debug|Any CPU
		{22002176-ABF5-4BBB-BB70-637432CA58CC}.Debug|x86.Build.0 = Debug|Any CPU
		{22002176-ABF5-4BBB-BB70-637432CA58CC}.Release|Any CPU.ActiveCfg = Release|Any CPU
		{22002176-ABF5-4BBB-BB70-637432CA58CC}.Release|Any CPU.Build.0 = Release|Any CPU
		{22002176-ABF5-4BBB-BB70-637432CA58CC}.Release|x64.ActiveCfg = Release|Any CPU
		{22002176-ABF5-4BBB-BB70-637432CA58CC}.Release|x64.Build.0 = Release|Any CPU
		{22002176-ABF5-4BBB-BB70-637432CA58CC}.Release|x86.ActiveCfg = Release|Any CPU
		{22002176-ABF5-4BBB-BB70-637432CA58CC}.Release|x86.Build.0 = Release|Any CPU
		{6FBDDF84-AD92-4339-8C4E-84A08A310F87}.Debug|Any CPU.ActiveCfg = Debug|Any CPU
		{6FBDDF84-AD92-4339-8C4E-84A08A310F87}.Debug|Any CPU.Build.0 = Debug|Any CPU
		{6FBDDF84-AD92-4339-8C4E-84A08A310F87}.Debug|x64.ActiveCfg = Debug|Any CPU
		{6FBDDF84-AD92-4339-8C4E-84A08A310F87}.Debug|x64.Build.0 = Debug|Any CPU
		{6FBDDF84-AD92-4339-8C4E-84A08A310F87}.Debug|x86.ActiveCfg = Debug|Any CPU
		{6FBDDF84-AD92-4339-8C4E-84A08A310F87}.Debug|x86.Build.0 = Debug|Any CPU
		{6FBDDF84-AD92-4339-8C4E-84A08A310F87}.Release|Any CPU.ActiveCfg = Release|Any CPU
		{6FBDDF84-AD92-4339-8C4E-84A08A310F87}.Release|Any CPU.Build.0 = Release|Any CPU
		{6FBDDF84-AD92-4339-8C4E-84A08A310F87}.Release|x64.ActiveCfg = Release|Any CPU
		{6FBDDF84-AD92-4339-8C4E-84A08A310F87}.Release|x64.Build.0 = Release|Any CPU
		{6FBDDF84-AD92-4339-8C4E-84A08A310F87}.Release|x86.ActiveCfg = Release|Any CPU
		{6FBDDF84-AD92-4339-8C4E-84A08A310F87}.Release|x86.Build.0 = Release|Any CPU
		{A85A7872-7643-4D33-A2C8-37664F39D669}.Debug|Any CPU.ActiveCfg = Debug|Any CPU
		{A85A7872-7643-4D33-A2C8-37664F39D669}.Debug|Any CPU.Build.0 = Debug|Any CPU
		{A85A7872-7643-4D33-A2C8-37664F39D669}.Debug|x64.ActiveCfg = Debug|Any CPU
		{A85A7872-7643-4D33-A2C8-37664F39D669}.Debug|x64.Build.0 = Debug|Any CPU
		{A85A7872-7643-4D33-A2C8-37664F39D669}.Debug|x86.ActiveCfg = Debug|Any CPU
		{A85A7872-7643-4D33-A2C8-37664F39D669}.Debug|x86.Build.0 = Debug|Any CPU
		{A85A7872-7643-4D33-A2C8-37664F39D669}.Release|Any CPU.ActiveCfg = Release|Any CPU
		{A85A7872-7643-4D33-A2C8-37664F39D669}.Release|Any CPU.Build.0 = Release|Any CPU
		{A85A7872-7643-4D33-A2C8-37664F39D669}.Release|x64.ActiveCfg = Release|Any CPU
		{A85A7872-7643-4D33-A2C8-37664F39D669}.Release|x64.Build.0 = Release|Any CPU
		{A85A7872-7643-4D33-A2C8-37664F39D669}.Release|x86.ActiveCfg = Release|Any CPU
		{A85A7872-7643-4D33-A2C8-37664F39D669}.Release|x86.Build.0 = Release|Any CPU
		{DB368064-C3F5-4093-A206-65E73985BA76}.Debug|Any CPU.ActiveCfg = Debug|Any CPU
		{DB368064-C3F5-4093-A206-65E73985BA76}.Debug|Any CPU.Build.0 = Debug|Any CPU
		{DB368064-C3F5-4093-A206-65E73985BA76}.Debug|x64.ActiveCfg = Debug|Any CPU
		{DB368064-C3F5-4093-A206-65E73985BA76}.Debug|x64.Build.0 = Debug|Any CPU
		{DB368064-C3F5-4093-A206-65E73985BA76}.Debug|x86.ActiveCfg = Debug|Any CPU
		{DB368064-C3F5-4093-A206-65E73985BA76}.Debug|x86.Build.0 = Debug|Any CPU
		{DB368064-C3F5-4093-A206-65E73985BA76}.Release|Any CPU.ActiveCfg = Release|Any CPU
		{DB368064-C3F5-4093-A206-65E73985BA76}.Release|Any CPU.Build.0 = Release|Any CPU
		{DB368064-C3F5-4093-A206-65E73985BA76}.Release|x64.ActiveCfg = Release|Any CPU
		{DB368064-C3F5-4093-A206-65E73985BA76}.Release|x64.Build.0 = Release|Any CPU
		{DB368064-C3F5-4093-A206-65E73985BA76}.Release|x86.ActiveCfg = Release|Any CPU
		{DB368064-C3F5-4093-A206-65E73985BA76}.Release|x86.Build.0 = Release|Any CPU
		{1EC2D45F-8B17-4C2D-9822-6B40FDD3FBA0}.Debug|Any CPU.ActiveCfg = Debug|Any CPU
		{1EC2D45F-8B17-4C2D-9822-6B40FDD3FBA0}.Debug|Any CPU.Build.0 = Debug|Any CPU
		{1EC2D45F-8B17-4C2D-9822-6B40FDD3FBA0}.Debug|x64.ActiveCfg = Debug|Any CPU
		{1EC2D45F-8B17-4C2D-9822-6B40FDD3FBA0}.Debug|x64.Build.0 = Debug|Any CPU
		{1EC2D45F-8B17-4C2D-9822-6B40FDD3FBA0}.Debug|x86.ActiveCfg = Debug|Any CPU
		{1EC2D45F-8B17-4C2D-9822-6B40FDD3FBA0}.Debug|x86.Build.0 = Debug|Any CPU
		{1EC2D45F-8B17-4C2D-9822-6B40FDD3FBA0}.Release|Any CPU.ActiveCfg = Release|Any CPU
		{1EC2D45F-8B17-4C2D-9822-6B40FDD3FBA0}.Release|Any CPU.Build.0 = Release|Any CPU
		{1EC2D45F-8B17-4C2D-9822-6B40FDD3FBA0}.Release|x64.ActiveCfg = Release|Any CPU
		{1EC2D45F-8B17-4C2D-9822-6B40FDD3FBA0}.Release|x64.Build.0 = Release|Any CPU
		{1EC2D45F-8B17-4C2D-9822-6B40FDD3FBA0}.Release|x86.ActiveCfg = Release|Any CPU
		{1EC2D45F-8B17-4C2D-9822-6B40FDD3FBA0}.Release|x86.Build.0 = Release|Any CPU
		{15F7813B-553C-4171-B16B-EF25352B7E8A}.Debug|Any CPU.ActiveCfg = Debug|Any CPU
		{15F7813B-553C-4171-B16B-EF25352B7E8A}.Debug|Any CPU.Build.0 = Debug|Any CPU
		{15F7813B-553C-4171-B16B-EF25352B7E8A}.Debug|x64.ActiveCfg = Debug|Any CPU
		{15F7813B-553C-4171-B16B-EF25352B7E8A}.Debug|x64.Build.0 = Debug|Any CPU
		{15F7813B-553C-4171-B16B-EF25352B7E8A}.Debug|x86.ActiveCfg = Debug|Any CPU
		{15F7813B-553C-4171-B16B-EF25352B7E8A}.Debug|x86.Build.0 = Debug|Any CPU
		{15F7813B-553C-4171-B16B-EF25352B7E8A}.Release|Any CPU.ActiveCfg = Release|Any CPU
		{15F7813B-553C-4171-B16B-EF25352B7E8A}.Release|Any CPU.Build.0 = Release|Any CPU
		{15F7813B-553C-4171-B16B-EF25352B7E8A}.Release|x64.ActiveCfg = Release|Any CPU
		{15F7813B-553C-4171-B16B-EF25352B7E8A}.Release|x64.Build.0 = Release|Any CPU
		{15F7813B-553C-4171-B16B-EF25352B7E8A}.Release|x86.ActiveCfg = Release|Any CPU
		{15F7813B-553C-4171-B16B-EF25352B7E8A}.Release|x86.Build.0 = Release|Any CPU
		{8BBABBFC-40B9-4C39-BE84-61606702654F}.Debug|Any CPU.ActiveCfg = Debug|Any CPU
		{8BBABBFC-40B9-4C39-BE84-61606702654F}.Debug|Any CPU.Build.0 = Debug|Any CPU
		{8BBABBFC-40B9-4C39-BE84-61606702654F}.Debug|x64.ActiveCfg = Debug|Any CPU
		{8BBABBFC-40B9-4C39-BE84-61606702654F}.Debug|x64.Build.0 = Debug|Any CPU
		{8BBABBFC-40B9-4C39-BE84-61606702654F}.Debug|x86.ActiveCfg = Debug|Any CPU
		{8BBABBFC-40B9-4C39-BE84-61606702654F}.Debug|x86.Build.0 = Debug|Any CPU
		{8BBABBFC-40B9-4C39-BE84-61606702654F}.Release|Any CPU.ActiveCfg = Release|Any CPU
		{8BBABBFC-40B9-4C39-BE84-61606702654F}.Release|Any CPU.Build.0 = Release|Any CPU
		{8BBABBFC-40B9-4C39-BE84-61606702654F}.Release|x64.ActiveCfg = Release|Any CPU
		{8BBABBFC-40B9-4C39-BE84-61606702654F}.Release|x64.Build.0 = Release|Any CPU
		{8BBABBFC-40B9-4C39-BE84-61606702654F}.Release|x86.ActiveCfg = Release|Any CPU
		{8BBABBFC-40B9-4C39-BE84-61606702654F}.Release|x86.Build.0 = Release|Any CPU
	EndGlobalSection
	GlobalSection(SolutionProperties) = preSolution
		HideSolutionNode = FALSE
	EndGlobalSection
	GlobalSection(NestedProjects) = preSolution
		{B4F8C650-D172-4398-8957-EFD5F1B4605B} = {D9C88C02-A721-4F91-9F19-7ED9C2CE3DA1}
		{C5BAD20E-10CB-41F6-9FEC-E16E62AB9C64} = {0AB3BF05-4346-4AA6-1389-037BE0695223}
		{3C0FF951-3DD7-46B3-B1A0-63E368AA54A9} = {D9C88C02-A721-4F91-9F19-7ED9C2CE3DA1}
		{2D7A15A8-6D87-4C4B-BA33-3F42D45060CC} = {D9C88C02-A721-4F91-9F19-7ED9C2CE3DA1}
		{69A4FFCD-7589-4F57-9C77-1BCAF17F8F8E} = {D9C88C02-A721-4F91-9F19-7ED9C2CE3DA1}
		{D119A4CB-F475-4BBB-A03D-46701C4712FA} = {B36A84DF-456D-A817-6EDD-3EC3E7F6E11F}
		{08D8571C-461C-4A4D-9442-D53BE46CCCB6} = {D9C88C02-A721-4F91-9F19-7ED9C2CE3DA1}
		{B88CF225-2323-4E09-B2E6-B8724C859CC4} = {B36A84DF-456D-A817-6EDD-3EC3E7F6E11F}
		{7737A4FA-1B61-4261-8BF9-C6C81429F1DE} = {D9C88C02-A721-4F91-9F19-7ED9C2CE3DA1}
		{5D100465-E3AE-4C62-A7F3-A42BD726136D} = {B36A84DF-456D-A817-6EDD-3EC3E7F6E11F}
		{34FB20D5-404F-4EAF-BCD4-64436D40A654} = {B36A84DF-456D-A817-6EDD-3EC3E7F6E11F}
		{42DB7E01-2838-4799-BEF0-5CBECB8F1816} = {D9C88C02-A721-4F91-9F19-7ED9C2CE3DA1}
		{F35069CB-6860-43AF-A036-1BEE9904A0E5} = {B36A84DF-456D-A817-6EDD-3EC3E7F6E11F}
		{22002176-ABF5-4BBB-BB70-637432CA58CC} = {B36A84DF-456D-A817-6EDD-3EC3E7F6E11F}
		{6FBDDF84-AD92-4339-8C4E-84A08A310F87} = {B36A84DF-456D-A817-6EDD-3EC3E7F6E11F}
		{A85A7872-7643-4D33-A2C8-37664F39D669} = {B36A84DF-456D-A817-6EDD-3EC3E7F6E11F}
		{DB368064-C3F5-4093-A206-65E73985BA76} = {5D20AA90-6969-D8BD-9DCD-8634F4692FDA}
		{1EC2D45F-8B17-4C2D-9822-6B40FDD3FBA0} = {D9C88C02-A721-4F91-9F19-7ED9C2CE3DA1}
		{15F7813B-553C-4171-B16B-EF25352B7E8A} = {5D20AA90-6969-D8BD-9DCD-8634F4692FDA}
		{8BBABBFC-40B9-4C39-BE84-61606702654F} = {808186BE-9BD0-DD1D-D574-36EEAD1E7F8F}
	EndGlobalSection
EndGlobal
